
Microsoft Visual Studio Solution File, Format Version 12.00
# Visual Studio Version 17
VisualStudioVersion = 17.11.35303.130
MinimumVisualStudioVersion = 10.0.40219.1
Project("{9A19103F-16F7-4668-BE54-9A1E7A4F7556}") = "Serilog.Sinks.Oracle", "src\Serilog.Sinks.Oracle\Serilog.Sinks.Oracle.csproj", "{C2D8EEB2-E0EF-4825-89CD-D454B1D4F6B8}"
EndProject
Project("{2150E333-8FDC-42A3-9474-1A3956D46DE8}") = "src", "src", "{E8942C62-D250-4ED6-93CA-BB89C53FB79C}"
EndProject
Project("{2150E333-8FDC-42A3-9474-1A3956D46DE8}") = "test", "test", "{A52C192F-D34F-4A75-91AE-9DD591056F82}"
EndProject
Project("{2150E333-8FDC-42A3-9474-1A3956D46DE8}") = "Solution Items", "Solution Items", "{8E435D36-6571-4276-826B-BB5CE486F7E3}"
	ProjectSection(SolutionItems) = preProject
		.editorconfig = .editorconfig
		Directory.Build.props = Directory.Build.props
	EndProjectSection
EndProject
Global
	GlobalSection(SolutionConfigurationPlatforms) = preSolution
		Debug|Any CPU = Debug|Any CPU
		Release|Any CPU = Release|Any CPU
	EndGlobalSection
	GlobalSection(ProjectConfigurationPlatforms) = postSolution
		{C2D8EEB2-E0EF-4825-89CD-D454B1D4F6B8}.Debug|Any CPU.ActiveCfg = Debug|Any CPU
		{C2D8EEB2-E0EF-4825-89CD-D454B1D4F6B8}.Debug|Any CPU.Build.0 = Debug|Any CPU
		{C2D8EEB2-E0EF-4825-89CD-D454B1D4F6B8}.Release|Any CPU.ActiveCfg = Release|Any CPU
		{C2D8EEB2-E0EF-4825-89CD-D454B1D4F6B8}.Release|Any CPU.Build.0 = Release|Any CPU
	EndGlobalSection
	GlobalSection(SolutionProperties) = preSolution
		HideSolutionNode = FALSE
	EndGlobalSection
	GlobalSection(NestedProjects) = preSolution
		{C2D8EEB2-E0EF-4825-89CD-D454B1D4F6B8} = {E8942C62-D250-4ED6-93CA-BB89C53FB79C}
	EndGlobalSection
	GlobalSection(ExtensibilityGlobals) = postSolution
		SolutionGuid = {6684CF62-ABB6-448A-B753-018D460E3E1E}
	EndGlobalSection
EndGlobal
